
Microsoft Visual Studio Solution File, Format Version 12.00
# Visual Studio Version 17
VisualStudioVersion = 17.12.35527.113
MinimumVisualStudioVersion = 10.0.40219.1
Project("{2150E333-8FDC-42A3-9474-1A3956D46DE8}") = "src", "src", "{BFD790F2-4AA4-4792-A577-D13E35BA5CCF}"
EndProject
Project("{2150E333-8FDC-42A3-9474-1A3956D46DE8}") = "0.Framework", "0.Framework", "{7CD0B482-EE6B-41E2-961B-4B5FA13AE6FF}"
EndProject
Project("{2150E333-8FDC-42A3-9474-1A3956D46DE8}") = "01-Domain", "01-Domain", "{094F5E28-F14E-46AB-BF0D-B59F05CB1D28}"
EndProject
Project("{2150E333-8FDC-42A3-9474-1A3956D46DE8}") = "02-Infrastructures", "02-Infrastructures", "{B783903B-1278-4F80-8B7E-B68D95DB8E50}"
EndProject
Project("{2150E333-8FDC-42A3-9474-1A3956D46DE8}") = "03-EndPoints", "03-EndPoints", "{16A18A5D-3B85-48A1-AFB2-F294F4FBC4A6}"
EndProject
Project("{FAE04EC0-301F-11D3-BF4B-00C04F79EFBC}") = "Framework", "src\0.Framework\Framework\Framework.csproj", "{3C9C4F34-C391-43C8-B23C-4C8E1BA36F27}"
EndProject
Project("{2150E333-8FDC-42A3-9474-1A3956D46DE8}") = "Core", "Core", "{2CA5A353-4CA8-4AFD-BCAF-EC3C3F39CBA1}"
EndProject
Project("{2150E333-8FDC-42A3-9474-1A3956D46DE8}") = "Services", "Services", "{7FA6985A-394B-412D-AE88-9E63E0FE6509}"
EndProject
Project("{FAE04EC0-301F-11D3-BF4B-00C04F79EFBC}") = "App.Domain.Core", "src\01-Domain\Core\App.Domain.Core\App.Domain.Core.csproj", "{C6F85D5E-A875-44A7-A5A6-B14611963E0C}"
EndProject
Project("{FAE04EC0-301F-11D3-BF4B-00C04F79EFBC}") = "App.Domain.AppServices", "src\01-Domain\Services\App.Domain.AppServices\App.Domain.AppServices.csproj", "{0A3BBA52-D664-4CFD-B64B-B3E7320F83EF}"
EndProject
Project("{FAE04EC0-301F-11D3-BF4B-00C04F79EFBC}") = "App.Domain.Services", "src\01-Domain\Services\App.Domain.Services\App.Domain.Services.csproj", "{7441AE15-E368-426D-9490-48DA6E5683D6}"
EndProject
Project("{2150E333-8FDC-42A3-9474-1A3956D46DE8}") = "DataAccess", "DataAccess", "{335442D7-CE8F-439D-B127-57F36EB196A2}"
EndProject
Project("{2150E333-8FDC-42A3-9474-1A3956D46DE8}") = "Db", "Db", "{362A2820-9B5E-4FF4-83E7-F04F6EDEAD5E}"
EndProject
Project("{FAE04EC0-301F-11D3-BF4B-00C04F79EFBC}") = "App.Infra.Data.Repos.Ef", "src\02-Infrastructures\DataAccess\App.Infra.Data.Repos.Ef\App.Infra.Data.Repos.Ef.csproj", "{5EFE4AAF-B71C-424E-B674-71AF0415BF14}"
EndProject
Project("{FAE04EC0-301F-11D3-BF4B-00C04F79EFBC}") = "App.Infra.Data.Db.SqlServer.Ef", "src\02-Infrastructures\Db\App.Infra.Data.Db.SqlServer.Ef\App.Infra.Data.Db.SqlServer.Ef.csproj", "{CBD92749-AF7E-47C9-8E5C-59586BE44C28}"
EndProject
Project("{FAE04EC0-301F-11D3-BF4B-00C04F79EFBC}") = "App.EndPoints.Api.Task", "src\03-EndPoints\App.EndPoints.Api.Task\App.EndPoints.Api.Task.csproj", "{98BA5101-817B-449D-BBB6-71B61C592103}"
EndProject
Project("{FAE04EC0-301F-11D3-BF4B-00C04F79EFBC}") = "App.EndPoints.Mvc.Task", "src\03-EndPoints\App.EndPoints.Mvc.Task\App.EndPoints.Mvc.Task.csproj", "{F2C26CF9-9B9C-419E-999E-D5123578C95F}"
EndProject
Global
	GlobalSection(SolutionConfigurationPlatforms) = preSolution
		Debug|Any CPU = Debug|Any CPU
		Release|Any CPU = Release|Any CPU
	EndGlobalSection
	GlobalSection(ProjectConfigurationPlatforms) = postSolution
		{3C9C4F34-C391-43C8-B23C-4C8E1BA36F27}.Debug|Any CPU.ActiveCfg = Debug|Any CPU
		{3C9C4F34-C391-43C8-B23C-4C8E1BA36F27}.Debug|Any CPU.Build.0 = Debug|Any CPU
		{3C9C4F34-C391-43C8-B23C-4C8E1BA36F27}.Release|Any CPU.ActiveCfg = Release|Any CPU
		{3C9C4F34-C391-43C8-B23C-4C8E1BA36F27}.Release|Any CPU.Build.0 = Release|Any CPU
		{C6F85D5E-A875-44A7-A5A6-B14611963E0C}.Debug|Any CPU.ActiveCfg = Debug|Any CPU
		{C6F85D5E-A875-44A7-A5A6-B14611963E0C}.Debug|Any CPU.Build.0 = Debug|Any CPU
		{C6F85D5E-A875-44A7-A5A6-B14611963E0C}.Release|Any CPU.ActiveCfg = Release|Any CPU
		{C6F85D5E-A875-44A7-A5A6-B14611963E0C}.Release|Any CPU.Build.0 = Release|Any CPU
		{0A3BBA52-D664-4CFD-B64B-B3E7320F83EF}.Debug|Any CPU.ActiveCfg = Debug|Any CPU
		{0A3BBA52-D664-4CFD-B64B-B3E7320F83EF}.Debug|Any CPU.Build.0 = Debug|Any CPU
		{0A3BBA52-D664-4CFD-B64B-B3E7320F83EF}.Release|Any CPU.ActiveCfg = Release|Any CPU
		{0A3BBA52-D664-4CFD-B64B-B3E7320F83EF}.Release|Any CPU.Build.0 = Release|Any CPU
		{7441AE15-E368-426D-9490-48DA6E5683D6}.Debug|Any CPU.ActiveCfg = Debug|Any CPU
		{7441AE15-E368-426D-9490-48DA6E5683D6}.Debug|Any CPU.Build.0 = Debug|Any CPU
		{7441AE15-E368-426D-9490-48DA6E5683D6}.Release|Any CPU.ActiveCfg = Release|Any CPU
		{7441AE15-E368-426D-9490-48DA6E5683D6}.Release|Any CPU.Build.0 = Release|Any CPU
		{5EFE4AAF-B71C-424E-B674-71AF0415BF14}.Debug|Any CPU.ActiveCfg = Debug|Any CPU
		{5EFE4AAF-B71C-424E-B674-71AF0415BF14}.Debug|Any CPU.Build.0 = Debug|Any CPU
		{5EFE4AAF-B71C-424E-B674-71AF0415BF14}.Release|Any CPU.ActiveCfg = Release|Any CPU
		{5EFE4AAF-B71C-424E-B674-71AF0415BF14}.Release|Any CPU.Build.0 = Release|Any CPU
		{CBD92749-AF7E-47C9-8E5C-59586BE44C28}.Debug|Any CPU.ActiveCfg = Debug|Any CPU
		{CBD92749-AF7E-47C9-8E5C-59586BE44C28}.Debug|Any CPU.Build.0 = Debug|Any CPU
		{CBD92749-AF7E-47C9-8E5C-59586BE44C28}.Release|Any CPU.ActiveCfg = Release|Any CPU
		{CBD92749-AF7E-47C9-8E5C-59586BE44C28}.Release|Any CPU.Build.0 = Release|Any CPU
		{98BA5101-817B-449D-BBB6-71B61C592103}.Debug|Any CPU.ActiveCfg = Debug|Any CPU
		{98BA5101-817B-449D-BBB6-71B61C592103}.Debug|Any CPU.Build.0 = Debug|Any CPU
		{98BA5101-817B-449D-BBB6-71B61C592103}.Release|Any CPU.ActiveCfg = Release|Any CPU
		{98BA5101-817B-449D-BBB6-71B61C592103}.Release|Any CPU.Build.0 = Release|Any CPU
		{F2C26CF9-9B9C-419E-999E-D5123578C95F}.Debug|Any CPU.ActiveCfg = Debug|Any CPU
		{F2C26CF9-9B9C-419E-999E-D5123578C95F}.Debug|Any CPU.Build.0 = Debug|Any CPU
		{F2C26CF9-9B9C-419E-999E-D5123578C95F}.Release|Any CPU.ActiveCfg = Release|Any CPU
		{F2C26CF9-9B9C-419E-999E-D5123578C95F}.Release|Any CPU.Build.0 = Release|Any CPU
	EndGlobalSection
	GlobalSection(SolutionProperties) = preSolution
		HideSolutionNode = FALSE
	EndGlobalSection
	GlobalSection(NestedProjects) = preSolution
		{7CD0B482-EE6B-41E2-961B-4B5FA13AE6FF} = {BFD790F2-4AA4-4792-A577-D13E35BA5CCF}
		{094F5E28-F14E-46AB-BF0D-B59F05CB1D28} = {BFD790F2-4AA4-4792-A577-D13E35BA5CCF}
		{B783903B-1278-4F80-8B7E-B68D95DB8E50} = {BFD790F2-4AA4-4792-A577-D13E35BA5CCF}
		{16A18A5D-3B85-48A1-AFB2-F294F4FBC4A6} = {BFD790F2-4AA4-4792-A577-D13E35BA5CCF}
		{3C9C4F34-C391-43C8-B23C-4C8E1BA36F27} = {7CD0B482-EE6B-41E2-961B-4B5FA13AE6FF}
		{2CA5A353-4CA8-4AFD-BCAF-EC3C3F39CBA1} = {094F5E28-F14E-46AB-BF0D-B59F05CB1D28}
		{7FA6985A-394B-412D-AE88-9E63E0FE6509} = {094F5E28-F14E-46AB-BF0D-B59F05CB1D28}
		{C6F85D5E-A875-44A7-A5A6-B14611963E0C} = {2CA5A353-4CA8-4AFD-BCAF-EC3C3F39CBA1}
		{0A3BBA52-D664-4CFD-B64B-B3E7320F83EF} = {7FA6985A-394B-412D-AE88-9E63E0FE6509}
		{7441AE15-E368-426D-9490-48DA6E5683D6} = {7FA6985A-394B-412D-AE88-9E63E0FE6509}
		{335442D7-CE8F-439D-B127-57F36EB196A2} = {B783903B-1278-4F80-8B7E-B68D95DB8E50}
		{362A2820-9B5E-4FF4-83E7-F04F6EDEAD5E} = {B783903B-1278-4F80-8B7E-B68D95DB8E50}
		{5EFE4AAF-B71C-424E-B674-71AF0415BF14} = {335442D7-CE8F-439D-B127-57F36EB196A2}
		{CBD92749-AF7E-47C9-8E5C-59586BE44C28} = {362A2820-9B5E-4FF4-83E7-F04F6EDEAD5E}
		{98BA5101-817B-449D-BBB6-71B61C592103} = {16A18A5D-3B85-48A1-AFB2-F294F4FBC4A6}
		{F2C26CF9-9B9C-419E-999E-D5123578C95F} = {16A18A5D-3B85-48A1-AFB2-F294F4FBC4A6}
	EndGlobalSection
EndGlobal
